
Microsoft Visual Studio Solution File, Format Version 12.00
# Visual Studio Version 17
VisualStudioVersion = 17.2.32519.379
MinimumVisualStudioVersion = 10.0.40219.1
Project("{8BC9CEB8-8B4A-11D0-8D11-00A0C91BC942}") = "Snake++", "Snake++\Snake++.vcxproj", "{76B06ADA-392E-4113-B723-4F795081FF38}"
EndProject
Global
	GlobalSection(SolutionConfigurationPlatforms) = preSolution
		Debug|x64 = Debug|x64
		Debug|x86 = Debug|x86
		Release|x64 = Release|x64
		Release|x86 = Release|x86
	EndGlobalSection
	GlobalSection(ProjectConfigurationPlatforms) = postSolution
		{76B06ADA-392E-4113-B723-4F795081FF38}.Debug|x64.ActiveCfg = Debug|x64
		{76B06ADA-392E-4113-B723-4F795081FF38}.Debug|x64.Build.0 = Debug|x64
		{76B06ADA-392E-4113-B723-4F795081FF38}.Debug|x86.ActiveCfg = Debug|Win32
		{76B06ADA-392E-4113-B723-4F795081FF38}.Debug|x86.Build.0 = Debug|Win32
		{76B06ADA-392E-4113-B723-4F795081FF38}.Release|x64.ActiveCfg = Release|x64
		{76B06ADA-392E-4113-B723-4F795081FF38}.Release|x64.Build.0 = Release|x64
		{76B06ADA-392E-4113-B723-4F795081FF38}.Release|x86.ActiveCfg = Release|Win32
		{76B06ADA-392E-4113-B723-4F795081FF38}.Release|x86.Build.0 = Release|Win32
	EndGlobalSection
	GlobalSection(SolutionProperties) = preSolution
		HideSolutionNode = FALSE
	EndGlobalSection
	GlobalSection(ExtensibilityGlobals) = postSolution
		SolutionGuid = {3C8E4A6E-CED0-4456-96B1-78B4E01DE39C}
	EndGlobalSection
EndGlobal
